
Microsoft Visual Studio Solution File, Format Version 12.00
# Visual Studio 15
VisualStudioVersion = 15.0.28307.168
MinimumVisualStudioVersion = 10.0.40219.1
Project("{FAE04EC0-301F-11D3-BF4B-00C04F79EFBC}") = "GildedRoseConsole", "GildedRoseConsole\GildedRoseConsole.csproj", "{ECC1EF5F-03C7-40DC-BD61-E8EFD0F3493F}"
EndProject
Global
	GlobalSection(SolutionConfigurationPlatforms) = preSolution
		Debug|Any CPU = Debug|Any CPU
		Release|Any CPU = Release|Any CPU
	EndGlobalSection
	GlobalSection(ProjectConfigurationPlatforms) = postSolution
		{ECC1EF5F-03C7-40DC-BD61-E8EFD0F3493F}.Debug|Any CPU.ActiveCfg = Debug|Any CPU
		{ECC1EF5F-03C7-40DC-BD61-E8EFD0F3493F}.Debug|Any CPU.Build.0 = Debug|Any CPU
		{ECC1EF5F-03C7-40DC-BD61-E8EFD0F3493F}.Release|Any CPU.ActiveCfg = Release|Any CPU
		{ECC1EF5F-03C7-40DC-BD61-E8EFD0F3493F}.Release|Any CPU.Build.0 = Release|Any CPU
	EndGlobalSection
	GlobalSection(SolutionProperties) = preSolution
		HideSolutionNode = FALSE
	EndGlobalSection
	GlobalSection(ExtensibilityGlobals) = postSolution
		SolutionGuid = {2441E9D1-88DC-4666-A7D2-3B432301B2F2}
	EndGlobalSection
EndGlobal
